// !$*UTF8*$!
{
	archiveVersion = 1;
	classes = {
	};
	objectVersion = 46;
	objects = {

/* Begin PBXBuildFile section */
		DC029B151BF9FD4D0098189E /* PhotoCollectionViewCell.swift in Sources */ = {isa = PBXBuildFile; fileRef = DC029B141BF9FD4D0098189E /* PhotoCollectionViewCell.swift */; };
		DC029B191BFA0A8A0098189E /* URLImage.swift in Sources */ = {isa = PBXBuildFile; fileRef = DC029B181BFA0A8A0098189E /* URLImage.swift */; };
		DC029B1B1BFA47410098189E /* CoreDataStackManager.swift in Sources */ = {isa = PBXBuildFile; fileRef = DC029B1A1BFA47410098189E /* CoreDataStackManager.swift */; };
		DC029B1C1BFAB5660098189E /* Pin.swift in Sources */ = {isa = PBXBuildFile; fileRef = DC2D22011BF6041000A152D2 /* Pin.swift */; };
		DC029B241BFACF950098189E /* CoreDataStackManager.swift in Sources */ = {isa = PBXBuildFile; fileRef = DC029B1A1BFA47410098189E /* CoreDataStackManager.swift */; };
		DC2D21E41BF5E24C00A152D2 /* AppDelegate.swift in Sources */ = {isa = PBXBuildFile; fileRef = DC2D21E31BF5E24C00A152D2 /* AppDelegate.swift */; };
		DC2D21E91BF5E24C00A152D2 /* Main.storyboard in Resources */ = {isa = PBXBuildFile; fileRef = DC2D21E71BF5E24C00A152D2 /* Main.storyboard */; };
		DC2D21EC1BF5E24C00A152D2 /* VirtualTourist.xcdatamodeld in Sources */ = {isa = PBXBuildFile; fileRef = DC2D21EA1BF5E24C00A152D2 /* VirtualTourist.xcdatamodeld */; };
		DC2D21EE1BF5E24C00A152D2 /* Assets.xcassets in Resources */ = {isa = PBXBuildFile; fileRef = DC2D21ED1BF5E24C00A152D2 /* Assets.xcassets */; };
		DC2D21F11BF5E24C00A152D2 /* LaunchScreen.storyboard in Resources */ = {isa = PBXBuildFile; fileRef = DC2D21EF1BF5E24C00A152D2 /* LaunchScreen.storyboard */; };
		DC2D21F91BF5EBAC00A152D2 /* MapKit.framework in Frameworks */ = {isa = PBXBuildFile; fileRef = DC2D21F81BF5EBAC00A152D2 /* MapKit.framework */; };
		DC2D21FC1BF5EFD000A152D2 /* TravelLocationsMapViewController.swift in Sources */ = {isa = PBXBuildFile; fileRef = DC2D21FB1BF5EFD000A152D2 /* TravelLocationsMapViewController.swift */; };
		DC2D21FE1BF5F02E00A152D2 /* PhotoAlbumViewController.swift in Sources */ = {isa = PBXBuildFile; fileRef = DC2D21FD1BF5F02E00A152D2 /* PhotoAlbumViewController.swift */; };
		DC2D22021BF6041000A152D2 /* Pin.swift in Sources */ = {isa = PBXBuildFile; fileRef = DC2D22011BF6041000A152D2 /* Pin.swift */; };
		DC2D22041BF6042900A152D2 /* Photo.swift in Sources */ = {isa = PBXBuildFile; fileRef = DC2D22031BF6042900A152D2 /* Photo.swift */; };
		DC2D22061BF61A6900A152D2 /* MapConfig.swift in Sources */ = {isa = PBXBuildFile; fileRef = DC2D22051BF61A6900A152D2 /* MapConfig.swift */; };
		DC2D22081BF6242D00A152D2 /* MapViewConvenience.swift in Sources */ = {isa = PBXBuildFile; fileRef = DC2D22071BF6242D00A152D2 /* MapViewConvenience.swift */; };
		DC2D220C1BF6C4D400A152D2 /* FlickrApi.swift in Sources */ = {isa = PBXBuildFile; fileRef = DC2D220B1BF6C4D400A152D2 /* FlickrApi.swift */; };
		DC2D220E1BF6CCEF00A152D2 /* ImageCache.swift in Sources */ = {isa = PBXBuildFile; fileRef = DC2D220D1BF6CCEF00A152D2 /* ImageCache.swift */; };
		DC2D22251BF6D5B600A152D2 /* FlickrApiTests.swift in Sources */ = {isa = PBXBuildFile; fileRef = DC2D22241BF6D5B600A152D2 /* FlickrApiTests.swift */; };
		DC2D22261BF6D81D00A152D2 /* FlickrApi.swift in Sources */ = {isa = PBXBuildFile; fileRef = DC2D220B1BF6C4D400A152D2 /* FlickrApi.swift */; };
		DC2D22271BF6D89700A152D2 /* ImageCache.swift in Sources */ = {isa = PBXBuildFile; fileRef = DC2D220D1BF6CCEF00A152D2 /* ImageCache.swift */; };
		DC2D222A1BF7200400A152D2 /* Photo.swift in Sources */ = {isa = PBXBuildFile; fileRef = DC2D22031BF6042900A152D2 /* Photo.swift */; };
		DCC791E71BFB3B3600CA6AFC /* URLImage.swift in Sources */ = {isa = PBXBuildFile; fileRef = DC029B181BFA0A8A0098189E /* URLImage.swift */; };
		DCC791ED1BFC6AB600CA6AFC /* ViewControllerConvenience.swift in Sources */ = {isa = PBXBuildFile; fileRef = DCC791EC1BFC6AB600CA6AFC /* ViewControllerConvenience.swift */; };
/* End PBXBuildFile section */

/* Begin PBXContainerItemProxy section */
		DC2D22181BF6D2C900A152D2 /* PBXContainerItemProxy */ = {
			isa = PBXContainerItemProxy;
			containerPortal = DC2D21D81BF5E24C00A152D2 /* Project object */;
			proxyType = 1;
			remoteGlobalIDString = DC2D21DF1BF5E24C00A152D2;
			remoteInfo = VirtualTourist;
		};
/* End PBXContainerItemProxy section */

/* Begin PBXFileReference section */
		DC029B141BF9FD4D0098189E /* PhotoCollectionViewCell.swift */ = {isa = PBXFileReference; fileEncoding = 4; lastKnownFileType = sourcecode.swift; path = PhotoCollectionViewCell.swift; sourceTree = "<group>"; };
		DC029B181BFA0A8A0098189E /* URLImage.swift */ = {isa = PBXFileReference; fileEncoding = 4; lastKnownFileType = sourcecode.swift; path = URLImage.swift; sourceTree = "<group>"; };
		DC029B1A1BFA47410098189E /* CoreDataStackManager.swift */ = {isa = PBXFileReference; fileEncoding = 4; lastKnownFileType = sourcecode.swift; path = CoreDataStackManager.swift; sourceTree = "<group>"; };
		DC2D21E01BF5E24C00A152D2 /* VirtualTourist.app */ = {isa = PBXFileReference; explicitFileType = wrapper.application; includeInIndex = 0; path = VirtualTourist.app; sourceTree = BUILT_PRODUCTS_DIR; };
		DC2D21E31BF5E24C00A152D2 /* AppDelegate.swift */ = {isa = PBXFileReference; lastKnownFileType = sourcecode.swift; path = AppDelegate.swift; sourceTree = "<group>"; };
		DC2D21E81BF5E24C00A152D2 /* Base */ = {isa = PBXFileReference; lastKnownFileType = file.storyboard; name = Base; path = Base.lproj/Main.storyboard; sourceTree = "<group>"; };
		DC2D21EB1BF5E24C00A152D2 /* VirtualTourist.xcdatamodel */ = {isa = PBXFileReference; lastKnownFileType = wrapper.xcdatamodel; path = VirtualTourist.xcdatamodel; sourceTree = "<group>"; };
		DC2D21ED1BF5E24C00A152D2 /* Assets.xcassets */ = {isa = PBXFileReference; lastKnownFileType = folder.assetcatalog; path = Assets.xcassets; sourceTree = "<group>"; };
		DC2D21F01BF5E24C00A152D2 /* Base */ = {isa = PBXFileReference; lastKnownFileType = file.storyboard; name = Base; path = Base.lproj/LaunchScreen.storyboard; sourceTree = "<group>"; };
		DC2D21F21BF5E24C00A152D2 /* Info.plist */ = {isa = PBXFileReference; lastKnownFileType = text.plist.xml; path = Info.plist; sourceTree = "<group>"; };
		DC2D21F81BF5EBAC00A152D2 /* MapKit.framework */ = {isa = PBXFileReference; lastKnownFileType = wrapper.framework; name = MapKit.framework; path = System/Library/Frameworks/MapKit.framework; sourceTree = SDKROOT; };
		DC2D21FB1BF5EFD000A152D2 /* TravelLocationsMapViewController.swift */ = {isa = PBXFileReference; fileEncoding = 4; lastKnownFileType = sourcecode.swift; path = TravelLocationsMapViewController.swift; sourceTree = "<group>"; };
		DC2D21FD1BF5F02E00A152D2 /* PhotoAlbumViewController.swift */ = {isa = PBXFileReference; fileEncoding = 4; lastKnownFileType = sourcecode.swift; path = PhotoAlbumViewController.swift; sourceTree = "<group>"; };
		DC2D22011BF6041000A152D2 /* Pin.swift */ = {isa = PBXFileReference; fileEncoding = 4; lastKnownFileType = sourcecode.swift; path = Pin.swift; sourceTree = "<group>"; };
		DC2D22031BF6042900A152D2 /* Photo.swift */ = {isa = PBXFileReference; fileEncoding = 4; lastKnownFileType = sourcecode.swift; path = Photo.swift; sourceTree = "<group>"; };
		DC2D22051BF61A6900A152D2 /* MapConfig.swift */ = {isa = PBXFileReference; fileEncoding = 4; lastKnownFileType = sourcecode.swift; path = MapConfig.swift; sourceTree = "<group>"; };
		DC2D22071BF6242D00A152D2 /* MapViewConvenience.swift */ = {isa = PBXFileReference; fileEncoding = 4; lastKnownFileType = sourcecode.swift; path = MapViewConvenience.swift; sourceTree = "<group>"; };
		DC2D220B1BF6C4D400A152D2 /* FlickrApi.swift */ = {isa = PBXFileReference; fileEncoding = 4; lastKnownFileType = sourcecode.swift; path = FlickrApi.swift; sourceTree = "<group>"; };
		DC2D220D1BF6CCEF00A152D2 /* ImageCache.swift */ = {isa = PBXFileReference; fileEncoding = 4; lastKnownFileType = sourcecode.swift; path = ImageCache.swift; sourceTree = "<group>"; };
		DC2D22131BF6D2C900A152D2 /* VirtualTouristTests.xctest */ = {isa = PBXFileReference; explicitFileType = wrapper.cfbundle; includeInIndex = 0; path = VirtualTouristTests.xctest; sourceTree = BUILT_PRODUCTS_DIR; };
		DC2D22171BF6D2C900A152D2 /* Info.plist */ = {isa = PBXFileReference; lastKnownFileType = text.plist.xml; path = Info.plist; sourceTree = "<group>"; };
		DC2D22241BF6D5B600A152D2 /* FlickrApiTests.swift */ = {isa = PBXFileReference; fileEncoding = 4; lastKnownFileType = sourcecode.swift; name = FlickrApiTests.swift; path = ../FlickrApiTests.swift; sourceTree = "<group>"; };
		DCC791EC1BFC6AB600CA6AFC /* ViewControllerConvenience.swift */ = {isa = PBXFileReference; fileEncoding = 4; lastKnownFileType = sourcecode.swift; path = ViewControllerConvenience.swift; sourceTree = "<group>"; };
/* End PBXFileReference section */

/* Begin PBXFrameworksBuildPhase section */
		DC2D21DD1BF5E24C00A152D2 /* Frameworks */ = {
			isa = PBXFrameworksBuildPhase;
			buildActionMask = 2147483647;
			files = (
				DC2D21F91BF5EBAC00A152D2 /* MapKit.framework in Frameworks */,
			);
			runOnlyForDeploymentPostprocessing = 0;
		};
		DC2D22101BF6D2C900A152D2 /* Frameworks */ = {
			isa = PBXFrameworksBuildPhase;
			buildActionMask = 2147483647;
			files = (
			);
			runOnlyForDeploymentPostprocessing = 0;
		};
/* End PBXFrameworksBuildPhase section */

/* Begin PBXGroup section */
		DC2D21D71BF5E24C00A152D2 = {
			isa = PBXGroup;
			children = (
				DC2D21F81BF5EBAC00A152D2 /* MapKit.framework */,
				DC2D21E21BF5E24C00A152D2 /* VirtualTourist */,
				DC2D22141BF6D2C900A152D2 /* VirtualTouristTests */,
				DC2D21E11BF5E24C00A152D2 /* Products */,
			);
			sourceTree = "<group>";
		};
		DC2D21E11BF5E24C00A152D2 /* Products */ = {
			isa = PBXGroup;
			children = (
				DC2D21E01BF5E24C00A152D2 /* VirtualTourist.app */,
				DC2D22131BF6D2C900A152D2 /* VirtualTouristTests.xctest */,
			);
			name = Products;
			sourceTree = "<group>";
		};
		DC2D21E21BF5E24C00A152D2 /* VirtualTourist */ = {
			isa = PBXGroup;
			children = (
				DC2D21E31BF5E24C00A152D2 /* AppDelegate.swift */,
				DC029B181BFA0A8A0098189E /* URLImage.swift */,
				DC2D21FF1BF603E200A152D2 /* Models */,
				DC2D21FA1BF5EFBA00A152D2 /* Controllers */,
				DCC791E81BFC501700CA6AFC /* Storyboards */,
				DCC791EB1BFC50CD00CA6AFC /* SupportingFiles */,
				DC2D22091BF6243200A152D2 /* Views */,
			);
			path = VirtualTourist;
			sourceTree = "<group>";
		};
		DC2D21FA1BF5EFBA00A152D2 /* Controllers */ = {
			isa = PBXGroup;
			children = (
				DC2D21FB1BF5EFD000A152D2 /* TravelLocationsMapViewController.swift */,
				DC2D21FD1BF5F02E00A152D2 /* PhotoAlbumViewController.swift */,
				DCC791EC1BFC6AB600CA6AFC /* ViewControllerConvenience.swift */,
			);
			name = Controllers;
			sourceTree = "<group>";
		};
		DC2D21FF1BF603E200A152D2 /* Models */ = {
			isa = PBXGroup;
			children = (
				DCC791E91BFC503800CA6AFC /* Persistance */,
				DCC791EA1BFC504900CA6AFC /* Entities */,
				DC2D220A1BF6C4C400A152D2 /* Flickr */,
			);
			name = Models;
			sourceTree = "<group>";
		};
		DC2D22091BF6243200A152D2 /* Views */ = {
			isa = PBXGroup;
			children = (
				DC029B141BF9FD4D0098189E /* PhotoCollectionViewCell.swift */,
				DC2D22071BF6242D00A152D2 /* MapViewConvenience.swift */,
			);
			name = Views;
			sourceTree = "<group>";
		};
		DC2D220A1BF6C4C400A152D2 /* Flickr */ = {
			isa = PBXGroup;
			children = (
				DC2D220B1BF6C4D400A152D2 /* FlickrApi.swift */,
			);
			name = Flickr;
			sourceTree = "<group>";
		};
		DC2D22141BF6D2C900A152D2 /* VirtualTouristTests */ = {
			isa = PBXGroup;
			children = (
				DC2D22241BF6D5B600A152D2 /* FlickrApiTests.swift */,
				DC2D22171BF6D2C900A152D2 /* Info.plist */,
			);
			path = VirtualTouristTests;
			sourceTree = "<group>";
		};
		DCC791E81BFC501700CA6AFC /* Storyboards */ = {
			isa = PBXGroup;
			children = (
				DC2D21E71BF5E24C00A152D2 /* Main.storyboard */,
				DC2D21EF1BF5E24C00A152D2 /* LaunchScreen.storyboard */,
			);
			name = Storyboards;
			sourceTree = "<group>";
		};
		DCC791E91BFC503800CA6AFC /* Persistance */ = {
			isa = PBXGroup;
			children = (
				DC2D21EA1BF5E24C00A152D2 /* VirtualTourist.xcdatamodeld */,
				DC029B1A1BFA47410098189E /* CoreDataStackManager.swift */,
				DC2D220D1BF6CCEF00A152D2 /* ImageCache.swift */,
			);
			name = Persistance;
			sourceTree = "<group>";
		};
		DCC791EA1BFC504900CA6AFC /* Entities */ = {
			isa = PBXGroup;
			children = (
				DC2D22011BF6041000A152D2 /* Pin.swift */,
				DC2D22031BF6042900A152D2 /* Photo.swift */,
				DC2D22051BF61A6900A152D2 /* MapConfig.swift */,
			);
			name = Entities;
			sourceTree = "<group>";
		};
		DCC791EB1BFC50CD00CA6AFC /* SupportingFiles */ = {
			isa = PBXGroup;
			children = (
				DC2D21F21BF5E24C00A152D2 /* Info.plist */,
				DC2D21ED1BF5E24C00A152D2 /* Assets.xcassets */,
			);
			name = SupportingFiles;
			sourceTree = "<group>";
		};
/* End PBXGroup section */

/* Begin PBXNativeTarget section */
		DC2D21DF1BF5E24C00A152D2 /* VirtualTourist */ = {
			isa = PBXNativeTarget;
			buildConfigurationList = DC2D21F51BF5E24C00A152D2 /* Build configuration list for PBXNativeTarget "VirtualTourist" */;
			buildPhases = (
				DC2D21DC1BF5E24C00A152D2 /* Sources */,
				DC2D21DD1BF5E24C00A152D2 /* Frameworks */,
				DC2D21DE1BF5E24C00A152D2 /* Resources */,
			);
			buildRules = (
			);
			dependencies = (
			);
			name = VirtualTourist;
			productName = VirtualTourist;
			productReference = DC2D21E01BF5E24C00A152D2 /* VirtualTourist.app */;
			productType = "com.apple.product-type.application";
		};
		DC2D22121BF6D2C900A152D2 /* VirtualTouristTests */ = {
			isa = PBXNativeTarget;
			buildConfigurationList = DC2D221A1BF6D2C900A152D2 /* Build configuration list for PBXNativeTarget "VirtualTouristTests" */;
			buildPhases = (
				DC2D220F1BF6D2C900A152D2 /* Sources */,
				DC2D22101BF6D2C900A152D2 /* Frameworks */,
				DC2D22111BF6D2C900A152D2 /* Resources */,
			);
			buildRules = (
			);
			dependencies = (
				DC2D22191BF6D2C900A152D2 /* PBXTargetDependency */,
			);
			name = VirtualTouristTests;
			productName = VirtualTouristTests;
			productReference = DC2D22131BF6D2C900A152D2 /* VirtualTouristTests.xctest */;
			productType = "com.apple.product-type.bundle.unit-test";
		};
/* End PBXNativeTarget section */

/* Begin PBXProject section */
		DC2D21D81BF5E24C00A152D2 /* Project object */ = {
			isa = PBXProject;
			attributes = {
				LastSwiftUpdateCheck = 0710;
				LastUpgradeCheck = 0710;
				ORGANIZATIONNAME = XiLosada;
				TargetAttributes = {
					DC2D21DF1BF5E24C00A152D2 = {
						CreatedOnToolsVersion = 7.1.1;
					};
					DC2D22121BF6D2C900A152D2 = {
						CreatedOnToolsVersion = 7.1.1;
						TestTargetID = DC2D21DF1BF5E24C00A152D2;
					};
				};
			};
			buildConfigurationList = DC2D21DB1BF5E24C00A152D2 /* Build configuration list for PBXProject "VirtualTourist" */;
			compatibilityVersion = "Xcode 3.2";
			developmentRegion = English;
			hasScannedForEncodings = 0;
			knownRegions = (
				en,
				Base,
			);
			mainGroup = DC2D21D71BF5E24C00A152D2;
			productRefGroup = DC2D21E11BF5E24C00A152D2 /* Products */;
			projectDirPath = "";
			projectRoot = "";
			targets = (
				DC2D21DF1BF5E24C00A152D2 /* VirtualTourist */,
				DC2D22121BF6D2C900A152D2 /* VirtualTouristTests */,
			);
		};
/* End PBXProject section */

/* Begin PBXResourcesBuildPhase section */
		DC2D21DE1BF5E24C00A152D2 /* Resources */ = {
			isa = PBXResourcesBuildPhase;
			buildActionMask = 2147483647;
			files = (
				DC2D21F11BF5E24C00A152D2 /* LaunchScreen.storyboard in Resources */,
				DC2D21EE1BF5E24C00A152D2 /* Assets.xcassets in Resources */,
				DC2D21E91BF5E24C00A152D2 /* Main.storyboard in Resources */,
			);
			runOnlyForDeploymentPostprocessing = 0;
		};
		DC2D22111BF6D2C900A152D2 /* Resources */ = {
			isa = PBXResourcesBuildPhase;
			buildActionMask = 2147483647;
			files = (
			);
			runOnlyForDeploymentPostprocessing = 0;
		};
/* End PBXResourcesBuildPhase section */

/* Begin PBXSourcesBuildPhase section */
		DC2D21DC1BF5E24C00A152D2 /* Sources */ = {
			isa = PBXSourcesBuildPhase;
			buildActionMask = 2147483647;
			files = (
				DC2D220E1BF6CCEF00A152D2 /* ImageCache.swift in Sources */,
				DC2D22041BF6042900A152D2 /* Photo.swift in Sources */,
				DC2D22081BF6242D00A152D2 /* MapViewConvenience.swift in Sources */,
				DC2D22021BF6041000A152D2 /* Pin.swift in Sources */,
				DC2D21FC1BF5EFD000A152D2 /* TravelLocationsMapViewController.swift in Sources */,
				DC029B191BFA0A8A0098189E /* URLImage.swift in Sources */,
				DCC791ED1BFC6AB600CA6AFC /* ViewControllerConvenience.swift in Sources */,
				DC2D22061BF61A6900A152D2 /* MapConfig.swift in Sources */,
				DC2D220C1BF6C4D400A152D2 /* FlickrApi.swift in Sources */,
				DC2D21E41BF5E24C00A152D2 /* AppDelegate.swift in Sources */,
				DC029B1B1BFA47410098189E /* CoreDataStackManager.swift in Sources */,
				DC2D21EC1BF5E24C00A152D2 /* VirtualTourist.xcdatamodeld in Sources */,
				DC029B151BF9FD4D0098189E /* PhotoCollectionViewCell.swift in Sources */,
				DC2D21FE1BF5F02E00A152D2 /* PhotoAlbumViewController.swift in Sources */,
			);
			runOnlyForDeploymentPostprocessing = 0;
		};
		DC2D220F1BF6D2C900A152D2 /* Sources */ = {
			isa = PBXSourcesBuildPhase;
			buildActionMask = 2147483647;
			files = (
				DC029B1C1BFAB5660098189E /* Pin.swift in Sources */,
				DCC791E71BFB3B3600CA6AFC /* URLImage.swift in Sources */,
				DC2D222A1BF7200400A152D2 /* Photo.swift in Sources */,
				DC029B241BFACF950098189E /* CoreDataStackManager.swift in Sources */,
				DC2D22271BF6D89700A152D2 /* ImageCache.swift in Sources */,
				DC2D22251BF6D5B600A152D2 /* FlickrApiTests.swift in Sources */,
				DC2D22261BF6D81D00A152D2 /* FlickrApi.swift in Sources */,
			);
			runOnlyForDeploymentPostprocessing = 0;
		};
/* End PBXSourcesBuildPhase section */

/* Begin PBXTargetDependency section */
		DC2D22191BF6D2C900A152D2 /* PBXTargetDependency */ = {
			isa = PBXTargetDependency;
			target = DC2D21DF1BF5E24C00A152D2 /* VirtualTourist */;
			targetProxy = DC2D22181BF6D2C900A152D2 /* PBXContainerItemProxy */;
		};
/* End PBXTargetDependency section */

/* Begin PBXVariantGroup section */
		DC2D21E71BF5E24C00A152D2 /* Main.storyboard */ = {
			isa = PBXVariantGroup;
			children = (
				DC2D21E81BF5E24C00A152D2 /* Base */,
			);
			name = Main.storyboard;
			sourceTree = "<group>";
		};
		DC2D21EF1BF5E24C00A152D2 /* LaunchScreen.storyboard */ = {
			isa = PBXVariantGroup;
			children = (
				DC2D21F01BF5E24C00A152D2 /* Base */,
			);
			name = LaunchScreen.storyboard;
			sourceTree = "<group>";
		};
/* End PBXVariantGroup section */

/* Begin XCBuildConfiguration section */
		DC2D21F31BF5E24C00A152D2 /* Debug */ = {
			isa = XCBuildConfiguration;
			buildSettings = {
				ALWAYS_SEARCH_USER_PATHS = NO;
				CLANG_CXX_LANGUAGE_STANDARD = "gnu++0x";
				CLANG_CXX_LIBRARY = "libc++";
				CLANG_ENABLE_MODULES = YES;
				CLANG_ENABLE_OBJC_ARC = YES;
				CLANG_WARN_BOOL_CONVERSION = YES;
				CLANG_WARN_CONSTANT_CONVERSION = YES;
				CLANG_WARN_DIRECT_OBJC_ISA_USAGE = YES_ERROR;
				CLANG_WARN_EMPTY_BODY = YES;
				CLANG_WARN_ENUM_CONVERSION = YES;
				CLANG_WARN_INT_CONVERSION = YES;
				CLANG_WARN_OBJC_ROOT_CLASS = YES_ERROR;
				CLANG_WARN_UNREACHABLE_CODE = YES;
				CLANG_WARN__DUPLICATE_METHOD_MATCH = YES;
				"CODE_SIGN_IDENTITY[sdk=iphoneos*]" = "iPhone Developer";
				COPY_PHASE_STRIP = NO;
				DEBUG_INFORMATION_FORMAT = dwarf;
				ENABLE_STRICT_OBJC_MSGSEND = YES;
				ENABLE_TESTABILITY = YES;
				GCC_C_LANGUAGE_STANDARD = gnu99;
				GCC_DYNAMIC_NO_PIC = NO;
				GCC_NO_COMMON_BLOCKS = YES;
				GCC_OPTIMIZATION_LEVEL = 0;
				GCC_PREPROCESSOR_DEFINITIONS = (
					"DEBUG=1",
					"$(inherited)",
				);
				GCC_WARN_64_TO_32_BIT_CONVERSION = YES;
				GCC_WARN_ABOUT_RETURN_TYPE = YES_ERROR;
				GCC_WARN_UNDECLARED_SELECTOR = YES;
				GCC_WARN_UNINITIALIZED_AUTOS = YES_AGGRESSIVE;
				GCC_WARN_UNUSED_FUNCTION = YES;
				GCC_WARN_UNUSED_VARIABLE = YES;
				IPHONEOS_DEPLOYMENT_TARGET = 9.1;
				MTL_ENABLE_DEBUG_INFO = YES;
				ONLY_ACTIVE_ARCH = YES;
				SDKROOT = iphoneos;
				SWIFT_OPTIMIZATION_LEVEL = "-Onone";
			};
			name = Debug;
		};
		DC2D21F41BF5E24C00A152D2 /* Release */ = {
			isa = XCBuildConfiguration;
			buildSettings = {
				ALWAYS_SEARCH_USER_PATHS = NO;
				CLANG_CXX_LANGUAGE_STANDARD = "gnu++0x";
				CLANG_CXX_LIBRARY = "libc++";
				CLANG_ENABLE_MODULES = YES;
				CLANG_ENABLE_OBJC_ARC = YES;
				CLANG_WARN_BOOL_CONVERSION = YES;
				CLANG_WARN_CONSTANT_CONVERSION = YES;
				CLANG_WARN_DIRECT_OBJC_ISA_USAGE = YES_ERROR;
				CLANG_WARN_EMPTY_BODY = YES;
				CLANG_WARN_ENUM_CONVERSION = YES;
				CLANG_WARN_INT_CONVERSION = YES;
				CLANG_WARN_OBJC_ROOT_CLASS = YES_ERROR;
				CLANG_WARN_UNREACHABLE_CODE = YES;
				CLANG_WARN__DUPLICATE_METHOD_MATCH = YES;
				"CODE_SIGN_IDENTITY[sdk=iphoneos*]" = "iPhone Developer";
				COPY_PHASE_STRIP = NO;
				DEBUG_INFORMATION_FORMAT = "dwarf-with-dsym";
				ENABLE_NS_ASSERTIONS = NO;
				ENABLE_STRICT_OBJC_MSGSEND = YES;
				GCC_C_LANGUAGE_STANDARD = gnu99;
				GCC_NO_COMMON_BLOCKS = YES;
				GCC_WARN_64_TO_32_BIT_CONVERSION = YES;
				GCC_WARN_ABOUT_RETURN_TYPE = YES_ERROR;
				GCC_WARN_UNDECLARED_SELECTOR = YES;
				GCC_WARN_UNINITIALIZED_AUTOS = YES_AGGRESSIVE;
				GCC_WARN_UNUSED_FUNCTION = YES;
				GCC_WARN_UNUSED_VARIABLE = YES;
				IPHONEOS_DEPLOYMENT_TARGET = 9.1;
				MTL_ENABLE_DEBUG_INFO = NO;
				SDKROOT = iphoneos;
				VALIDATE_PRODUCT = YES;
			};
			name = Release;
		};
		DC2D21F61BF5E24C00A152D2 /* Debug */ = {
			isa = XCBuildConfiguration;
			buildSettings = {
				ASSETCATALOG_COMPILER_APPICON_NAME = AppIcon;
				DEFINES_MODULE = NO;
				INFOPLIST_FILE = VirtualTourist/Info.plist;
				LD_RUNPATH_SEARCH_PATHS = "$(inherited) @executable_path/Frameworks";
				PRODUCT_BUNDLE_IDENTIFIER = com.xilosada.VirtualTourist;
				PRODUCT_NAME = "$(TARGET_NAME)";
			};
			name = Debug;
		};
		DC2D21F71BF5E24C00A152D2 /* Release */ = {
			isa = XCBuildConfiguration;
			buildSettings = {
				ASSETCATALOG_COMPILER_APPICON_NAME = AppIcon;
				DEFINES_MODULE = NO;
				INFOPLIST_FILE = VirtualTourist/Info.plist;
				LD_RUNPATH_SEARCH_PATHS = "$(inherited) @executable_path/Frameworks";
				PRODUCT_BUNDLE_IDENTIFIER = com.xilosada.VirtualTourist;
				PRODUCT_NAME = "$(TARGET_NAME)";
			};
			name = Release;
		};
		DC2D221B1BF6D2C900A152D2 /* Debug */ = {
			isa = XCBuildConfiguration;
			buildSettings = {
				BUNDLE_LOADER = "$(TEST_HOST)";
				CLANG_ENABLE_MODULES = YES;
				DEFINES_MODULE = YES;
				INFOPLIST_FILE = VirtualTouristTests/Info.plist;
				LD_RUNPATH_SEARCH_PATHS = "$(inherited) @executable_path/Frameworks @loader_path/Frameworks";
				PRODUCT_BUNDLE_IDENTIFIER = com.xilosada.VirtualTouristTests;
				PRODUCT_NAME = "$(TARGET_NAME)";
				SWIFT_OPTIMIZATION_LEVEL = "-Onone";
				TEST_HOST = "$(BUILT_PRODUCTS_DIR)/VirtualTourist.app/VirtualTourist";
			};
			name = Debug;
		};
		DC2D221C1BF6D2C900A152D2 /* Release */ = {
			isa = XCBuildConfiguration;
			buildSettings = {
				BUNDLE_LOADER = "$(TEST_HOST)";
				CLANG_ENABLE_MODULES = YES;
				DEFINES_MODULE = YES;
				INFOPLIST_FILE = VirtualTouristTests/Info.plist;
				LD_RUNPATH_SEARCH_PATHS = "$(inherited) @executable_path/Frameworks @loader_path/Frameworks";
				PRODUCT_BUNDLE_IDENTIFIER = com.xilosada.VirtualTouristTests;
				PRODUCT_NAME = "$(TARGET_NAME)";
				TEST_HOST = "$(BUILT_PRODUCTS_DIR)/VirtualTourist.app/VirtualTourist";
			};
			name = Release;
		};
/* End XCBuildConfiguration section */

/* Begin XCConfigurationList section */
		DC2D21DB1BF5E24C00A152D2 /* Build configuration list for PBXProject "VirtualTourist" */ = {
			isa = XCConfigurationList;
			buildConfigurations = (
				DC2D21F31BF5E24C00A152D2 /* Debug */,
				DC2D21F41BF5E24C00A152D2 /* Release */,
			);
			defaultConfigurationIsVisible = 0;
			defaultConfigurationName = Release;
		};
		DC2D21F51BF5E24C00A152D2 /* Build configuration list for PBXNativeTarget "VirtualTourist" */ = {
			isa = XCConfigurationList;
			buildConfigurations = (
				DC2D21F61BF5E24C00A152D2 /* Debug */,
				DC2D21F71BF5E24C00A152D2 /* Release */,
			);
			defaultConfigurationIsVisible = 0;
			defaultConfigurationName = Release;
		};
		DC2D221A1BF6D2C900A152D2 /* Build configuration list for PBXNativeTarget "VirtualTouristTests" */ = {
			isa = XCConfigurationList;
			buildConfigurations = (
				DC2D221B1BF6D2C900A152D2 /* Debug */,
				DC2D221C1BF6D2C900A152D2 /* Release */,
			);
			defaultConfigurationIsVisible = 0;
			defaultConfigurationName = Release;
		};
/* End XCConfigurationList section */

/* Begin XCVersionGroup section */
		DC2D21EA1BF5E24C00A152D2 /* VirtualTourist.xcdatamodeld */ = {
			isa = XCVersionGroup;
			children = (
				DC2D21EB1BF5E24C00A152D2 /* VirtualTourist.xcdatamodel */,
			);
			currentVersion = DC2D21EB1BF5E24C00A152D2 /* VirtualTourist.xcdatamodel */;
			path = VirtualTourist.xcdatamodeld;
			sourceTree = "<group>";
			versionGroupType = wrapper.xcdatamodel;
		};
/* End XCVersionGroup section */
	};
	rootObject = DC2D21D81BF5E24C00A152D2 /* Project object */;
}
